<Solution>
  <Project Path="Deuna.Delivery.Service/Deuna.Delivery.Service.csproj" />
  <Project Path="Deuna.Feedback.Service/Deuna.Feedback.Service.csproj" />
  <Project Path="Deuna.Gateway/Deuna.Gateway.csproj" />
  <Project Path="Deuna.Identity.Service/Deuna.Identity.Service.csproj" />
  <Project Path="Deuna.Orders.Service.Tests/Deuna.Orders.Service.Tests.csproj" />
  <Project Path="Deuna.Orders.Service/Deuna.Orders.Service.csproj" />
  <Project Path="Deuna.Shared.Tests/Deuna.Shared.Tests.csproj" />
  <Project Path="Deuna.Shared/Deuna.Shared.csproj" />
</Solution>
